<Solution>
  <Folder Name="/src/">
    <Project Path="src/TestMining.Platform.Analysis/TestMining.Platform.Analysis.csproj" />
    <Project Path="src/TestMining.Platform.Application/TestMining.Platform.Application.csproj" />
    <Project Path="src/TestMining.Platform.Artefacts/TestMining.Platform.Artefacts.csproj" />
    <Project Path="src/TestMining.Platform.Contracts/TestMining.Platform.Contracts.csproj" />
    <Project Path="src/TestMining.Platform.Core/TestMining.Platform.Core.csproj" />
    <Project Path="src/TestMining.Platform.Generation/TestMining.Platform.Generation.csproj" />
    <Project Path="src/TestMining.Platform.Healing/TestMining.Platform.Healing.csproj" />
    <Project Path="src/TestMining.Platform.Host/TestMining.Platform.Host.csproj" />
    <Project Path="src/TestMining.Platform.Persistence/TestMining.Platform.Persistence.csproj" />
    <Project Path="src/TestMining.Platform.Recorder/TestMining.Platform.Recorder.csproj" />
    <Project Path="src/TestMining.Platform.Recording/TestMining.Platform.Recording.csproj" />
    <Project Path="src/TestMining.Platform.Replay/TestMining.Platform.Replay.csproj" />
    <Project Path="src/Symphony.Core/Symphony.Core.csproj" />
    <Project Path="src/Symphony.Host/Symphony.Host.csproj" />
    <Project Path="src/Symphony.Infrastructure.Agent.Codex/Symphony.Infrastructure.Agent.Codex.csproj" />
    <Project Path="src/Symphony.Infrastructure.Persistence.Sqlite/Symphony.Infrastructure.Persistence.Sqlite.csproj" />
    <Project Path="src/Symphony.Infrastructure.Tracker.GitHub/Symphony.Infrastructure.Tracker.GitHub.csproj" />
    <Project Path="src/Symphony.Infrastructure.Workflows/Symphony.Infrastructure.Workflows.csproj" />
    <Project Path="src/Symphony.Infrastructure.Workspaces/Symphony.Infrastructure.Workspaces.csproj" />
  </Folder>
  <Folder Name="/tests/">
    <Project Path="tests/TestMining.Platform.Application.Tests/TestMining.Platform.Application.Tests.csproj" />
    <Project Path="tests/TestMining.Platform.Core.Tests/TestMining.Platform.Core.Tests.csproj" />
    <Project Path="tests/TestMining.Platform.E2E.Tests/TestMining.Platform.E2E.Tests.csproj" />
    <Project Path="tests/TestMining.Platform.Fixtures/TestMining.Platform.Fixtures.csproj" />
    <Project Path="tests/TestMining.Platform.Generator.Tests/TestMining.Platform.Generator.Tests.csproj" />
    <Project Path="tests/TestMining.Platform.Integration.Tests/TestMining.Platform.Integration.Tests.csproj" />
    <Project Path="tests/Symphony.Core.Tests/Symphony.Core.Tests.csproj" />
    <Project Path="tests/Symphony.Integration.Tests/Symphony.Integration.Tests.csproj" />
  </Folder>
</Solution>
